// !$*UTF8*$!
{
	archiveVersion = 1;
	classes = {
	};
	objectVersion = 46;
	objects = {

/* Begin PBXBuildFile section */
		1D3623260D0F684500981E51 /* AppDelegate.m in Sources */ = {isa = PBXBuildFile; fileRef = 1D3623250D0F684500981E51 /* AppDelegate.m */; };
		1D60589B0D05DD56006BFB54 /* main.m in Sources */ = {isa = PBXBuildFile; fileRef = 29B97316FDCFA39411CA2CEA /* main.m */; };
		1EC281F06F5643508E255FD8 /* CDVAdMobAds.m in Sources */ = {isa = PBXBuildFile; fileRef = 7FC80EF9A3704A049D555845 /* CDVAdMobAds.m */; };
		288765FD0DF74451002DB57D /* CoreGraphics.framework in Frameworks */ = {isa = PBXBuildFile; fileRef = 288765FC0DF74451002DB57D /* CoreGraphics.framework */; };
		2B387B08DC4D4FE7A6768EE0 /* CDVReachability.m in Sources */ = {isa = PBXBuildFile; fileRef = 950A5DCDA8AA4C5FB8CAF4AA /* CDVReachability.m */; };
		2D8EF7E26E7242B091B010D9 /* CoreFoundation.framework in Frameworks */ = {isa = PBXBuildFile; fileRef = 30FB5317E4B844CEA358BE88 /* CoreFoundation.framework */; };
		301BF552109A68D80062928A /* libCordova.a in Frameworks */ = {isa = PBXBuildFile; fileRef = 301BF535109A57CC0062928A /* libCordova.a */; };
		30276DF9EC184D6DA0841FAB /* Reachability.h in Sources */ = {isa = PBXBuildFile; fileRef = 15B484DC8FF949F890B3F987 /* Reachability.h */; };
		302D95F114D2391D003F00A1 /* MainViewController.m in Sources */ = {isa = PBXBuildFile; fileRef = 302D95EF14D2391D003F00A1 /* MainViewController.m */; };
		302D95F214D2391D003F00A1 /* MainViewController.xib in Resources */ = {isa = PBXBuildFile; fileRef = 302D95F014D2391D003F00A1 /* MainViewController.xib */; };
		305D5FD1115AB8F900A74A75 /* MobileCoreServices.framework in Frameworks */ = {isa = PBXBuildFile; fileRef = 305D5FD0115AB8F900A74A75 /* MobileCoreServices.framework */; };
		3088BBBD154F3926009F9C59 /* Default-Landscape@2x~ipad.png in Resources */ = {isa = PBXBuildFile; fileRef = 3088BBB7154F3926009F9C59 /* Default-Landscape@2x~ipad.png */; };
		3088BBBE154F3926009F9C59 /* Default-Landscape~ipad.png in Resources */ = {isa = PBXBuildFile; fileRef = 3088BBB8154F3926009F9C59 /* Default-Landscape~ipad.png */; };
		3088BBBF154F3926009F9C59 /* Default-Portrait@2x~ipad.png in Resources */ = {isa = PBXBuildFile; fileRef = 3088BBB9154F3926009F9C59 /* Default-Portrait@2x~ipad.png */; };
		3088BBC0154F3926009F9C59 /* Default-Portrait~ipad.png in Resources */ = {isa = PBXBuildFile; fileRef = 3088BBBA154F3926009F9C59 /* Default-Portrait~ipad.png */; };
		3088BBC1154F3926009F9C59 /* Default@2x~iphone.png in Resources */ = {isa = PBXBuildFile; fileRef = 3088BBBB154F3926009F9C59 /* Default@2x~iphone.png */; };
		3088BBC2154F3926009F9C59 /* Default~iphone.png in Resources */ = {isa = PBXBuildFile; fileRef = 3088BBBC154F3926009F9C59 /* Default~iphone.png */; };
		308D05371370CCF300D202BF /* icon-72.png in Resources */ = {isa = PBXBuildFile; fileRef = 308D052E1370CCF300D202BF /* icon-72.png */; };
		308D05381370CCF300D202BF /* icon.png in Resources */ = {isa = PBXBuildFile; fileRef = 308D052F1370CCF300D202BF /* icon.png */; };
		308D05391370CCF300D202BF /* icon@2x.png in Resources */ = {isa = PBXBuildFile; fileRef = 308D05301370CCF300D202BF /* icon@2x.png */; };
		30B4F30019D5E07200D9F7D8 /* Default-667h.png in Resources */ = {isa = PBXBuildFile; fileRef = 30B4F2FD19D5E07200D9F7D8 /* Default-667h.png */; };
		30B4F30119D5E07200D9F7D8 /* Default-736h.png in Resources */ = {isa = PBXBuildFile; fileRef = 30B4F2FE19D5E07200D9F7D8 /* Default-736h.png */; };
		30B4F30219D5E07200D9F7D8 /* Default-Landscape-736h.png in Resources */ = {isa = PBXBuildFile; fileRef = 30B4F2FF19D5E07200D9F7D8 /* Default-Landscape-736h.png */; };
		30C1856619D5FC0A00212699 /* icon-60@3x.png in Resources */ = {isa = PBXBuildFile; fileRef = 30C1856519D5FC0A00212699 /* icon-60@3x.png */; };
		30FC414916E50CA1004E6F35 /* icon-72@2x.png in Resources */ = {isa = PBXBuildFile; fileRef = 30FC414816E50CA1004E6F35 /* icon-72@2x.png */; };
		54C7C28D98864993A09EEC85 /* MessageUI.framework in Frameworks */ = {isa = PBXBuildFile; fileRef = BA16CEC44CB84AAABF92AFBC /* MessageUI.framework */; };
		565F0842AC4E47D59F6B6390 /* AVFoundation.framework in Frameworks */ = {isa = PBXBuildFile; fileRef = 5BA420E192C847299E5DBDA0 /* AVFoundation.framework */; };
		582D9FF1BE8B48899E21FD12 /* StoreKit.framework in Frameworks */ = {isa = PBXBuildFile; fileRef = 5E8796EAC5D744F9B28747E0 /* StoreKit.framework */; };
		5B1594DD16A7569C00FEF299 /* AssetsLibrary.framework in Frameworks */ = {isa = PBXBuildFile; fileRef = 5B1594DC16A7569C00FEF299 /* AssetsLibrary.framework */; };
		5C0618467A5D48DF8B067408 /* CDVAdMobPlugin.m in Sources */ = {isa = PBXBuildFile; fileRef = E3003E3E607C4218923BB460 /* CDVAdMobPlugin.m */; };
		5C827BFCFEB7437DA4848697 /* libGoogleAdMobAds.a in Frameworks */ = {isa = PBXBuildFile; fileRef = 7844AE078B0F416A8137996C /* libGoogleAdMobAds.a */; };
		6AFCAC297055492D8B8BD759 /* IonicKeyboard.m in Sources */ = {isa = PBXBuildFile; fileRef = 58D66D35E9D0438F8B199B2A /* IonicKeyboard.m */; };
		6E18CE94398141F9B25C9989 /* AdMobMediation.m in Sources */ = {isa = PBXBuildFile; fileRef = 409DD5BDAE9B44BB9E69C9B8 /* AdMobMediation.m */; };
		713A2303A33446858D9E4C39 /* CoreTelephony.framework in Frameworks */ = {isa = PBXBuildFile; fileRef = 3DFDC41BC5154AB2846ED87F /* CoreTelephony.framework */; };
		72419084066C4F5EA4EFBEF7 /* CDVDevice.m in Sources */ = {isa = PBXBuildFile; fileRef = B85B1D2784CC4FF8AD8DE001 /* CDVDevice.m */; };
		7E7966DE1810823500FA85AD /* icon-40.png in Resources */ = {isa = PBXBuildFile; fileRef = 7E7966D41810823500FA85AD /* icon-40.png */; };
		7E7966DF1810823500FA85AD /* icon-40@2x.png in Resources */ = {isa = PBXBuildFile; fileRef = 7E7966D51810823500FA85AD /* icon-40@2x.png */; };
		7E7966E01810823500FA85AD /* icon-50.png in Resources */ = {isa = PBXBuildFile; fileRef = 7E7966D61810823500FA85AD /* icon-50.png */; };
		7E7966E11810823500FA85AD /* icon-50@2x.png in Resources */ = {isa = PBXBuildFile; fileRef = 7E7966D71810823500FA85AD /* icon-50@2x.png */; };
		7E7966E21810823500FA85AD /* icon-60.png in Resources */ = {isa = PBXBuildFile; fileRef = 7E7966D81810823500FA85AD /* icon-60.png */; };
		7E7966E31810823500FA85AD /* icon-60@2x.png in Resources */ = {isa = PBXBuildFile; fileRef = 7E7966D91810823500FA85AD /* icon-60@2x.png */; };
		7E7966E41810823500FA85AD /* icon-76.png in Resources */ = {isa = PBXBuildFile; fileRef = 7E7966DA1810823500FA85AD /* icon-76.png */; };
		7E7966E51810823500FA85AD /* icon-76@2x.png in Resources */ = {isa = PBXBuildFile; fileRef = 7E7966DB1810823500FA85AD /* icon-76@2x.png */; };
		7E7966E61810823500FA85AD /* icon-small.png in Resources */ = {isa = PBXBuildFile; fileRef = 7E7966DC1810823500FA85AD /* icon-small.png */; };
		7E7966E71810823500FA85AD /* icon-small@2x.png in Resources */ = {isa = PBXBuildFile; fileRef = 7E7966DD1810823500FA85AD /* icon-small@2x.png */; };
		885DBB3F4CB44528A37C11E9 /* CDVAdMobAdsAdListener.m in Sources */ = {isa = PBXBuildFile; fileRef = 8D61E82CDBD0456692A0B912 /* CDVAdMobAdsAdListener.m */; };
		8AE9F7ADBEA04267BBDE99F1 /* UIWebViewExtension.m in Sources */ = {isa = PBXBuildFile; fileRef = A0F393127282499FB0579032 /* UIWebViewExtension.m */; };
		9248BF9CBF8944DD9487C897 /* SystemConfiguration.framework in Frameworks */ = {isa = PBXBuildFile; fileRef = 3585055786D74C00A9C484F0 /* SystemConfiguration.framework */; };
		A6ABB540483641249805B6A5 /* libCordovaGenericAd.a in Frameworks */ = {isa = PBXBuildFile; fileRef = 23267B25A9864AC5B6ACEE62 /* libCordovaGenericAd.a */; };
		AAA2EA3044CE43AF8B1E5E52 /* AudioToolbox.framework in Frameworks */ = {isa = PBXBuildFile; fileRef = 82792DA8C944411AB2EB2716 /* AudioToolbox.framework */; };
		B73F35CECD31463089EBAFDC /* UIKit.framework in Frameworks */ = {isa = PBXBuildFile; fileRef = 58DBF27328244044AC78A194 /* UIKit.framework */; };
		BAEB7EC099D247F8BD253DB0 /* EventKitUI.framework in Frameworks */ = {isa = PBXBuildFile; fileRef = B014F6ABCF8142C8B0DFC3B3 /* EventKitUI.framework */; };
		BFF5B67819E845C6A9B2C3E3 /* Foundation.framework in Frameworks */ = {isa = PBXBuildFile; fileRef = 4F98DD6555EB43669E5AAC24 /* Foundation.framework */; };
		C5FD307B83DE4D3C896B60E6 /* EventKit.framework in Frameworks */ = {isa = PBXBuildFile; fileRef = 397F712CD8CC475ABE755C74 /* EventKit.framework */; };
		C6BF28C8B80C4EB5A71AEDD5 /* Reachability.m in Sources */ = {isa = PBXBuildFile; fileRef = CE9B156CAB02456081F09135 /* Reachability.m */; };
		D4A0D8761607E02300AEF8BB /* Default-568h@2x~iphone.png in Resources */ = {isa = PBXBuildFile; fileRef = D4A0D8751607E02300AEF8BB /* Default-568h@2x~iphone.png */; };
		DBDD1EF4F07C4C0AA7BDD81E /* AdSupport.framework in Frameworks */ = {isa = PBXBuildFile; fileRef = 37A35B62AF294672B23493A0 /* AdSupport.framework */; };
		EE2F36FE84F34C548D368495 /* libGoogleAdMobAds.a in Frameworks */ = {isa = PBXBuildFile; fileRef = D89338396B494F23800F1A74 /* libGoogleAdMobAds.a */; };
		F8FBB56C6A9C4AAC93478E73 /* CDVPluginExt.m in Sources */ = {isa = PBXBuildFile; fileRef = 3D898993311D4D54BDB6D4F1 /* CDVPluginExt.m */; };
/* End PBXBuildFile section */

/* Begin PBXContainerItemProxy section */
		301BF534109A57CC0062928A /* PBXContainerItemProxy */ = {
			isa = PBXContainerItemProxy;
			containerPortal = 301BF52D109A57CC0062928A /* CordovaLib.xcodeproj */;
			proxyType = 2;
			remoteGlobalIDString = D2AAC07E0554694100DB518D;
			remoteInfo = CordovaLib;
		};
		301BF550109A68C00062928A /* PBXContainerItemProxy */ = {
			isa = PBXContainerItemProxy;
			containerPortal = 301BF52D109A57CC0062928A /* CordovaLib.xcodeproj */;
			proxyType = 1;
			remoteGlobalIDString = D2AAC07D0554694100DB518D;
			remoteInfo = CordovaLib;
		};
/* End PBXContainerItemProxy section */

/* Begin PBXFileReference section */
		07B0C7AB4FFF4D93AF46A73A /* GADCustomEventBannerDelegate.h */ = {isa = PBXFileReference; fileEncoding = 4; lastKnownFileType = sourcecode.c.h; name = GADCustomEventBannerDelegate.h; path = com.google.cordova.admob/GADCustomEventBannerDelegate.h; sourceTree = "<group>"; };
		15B484DC8FF949F890B3F987 /* Reachability.h */ = {isa = PBXFileReference; fileEncoding = 4; lastKnownFileType = sourcecode.c.h; name = Reachability.h; path = com.connectivity.monitor/Reachability.h; sourceTree = "<group>"; };
		16D154AA73B04FA2A27C0B0C /* CDVAdMobAds.h */ = {isa = PBXFileReference; fileEncoding = 4; lastKnownFileType = sourcecode.c.h; name = CDVAdMobAds.h; path = com.admob.google/CDVAdMobAds.h; sourceTree = "<group>"; };
		1817651572D04F728DAC9CDD /* DFPBannerView.h */ = {isa = PBXFileReference; fileEncoding = 4; lastKnownFileType = sourcecode.c.h; name = DFPBannerView.h; path = com.google.cordova.admob/DFPBannerView.h; sourceTree = "<group>"; };
		1BACCA27F79446B681B5E5DB /* GADBannerViewDelegate.h */ = {isa = PBXFileReference; fileEncoding = 4; lastKnownFileType = sourcecode.c.h; name = GADBannerViewDelegate.h; path = com.google.cordova.admob/GADBannerViewDelegate.h; sourceTree = "<group>"; };
		1D3623240D0F684500981E51 /* AppDelegate.h */ = {isa = PBXFileReference; fileEncoding = 4; lastKnownFileType = sourcecode.c.h; path = AppDelegate.h; sourceTree = "<group>"; };
		1D3623250D0F684500981E51 /* AppDelegate.m */ = {isa = PBXFileReference; fileEncoding = 4; lastKnownFileType = sourcecode.c.objc; path = AppDelegate.m; sourceTree = "<group>"; };
		1D6058910D05DD3D006BFB54 /* One.app */ = {isa = PBXFileReference; explicitFileType = wrapper.application; includeInIndex = 0; path = One.app; sourceTree = BUILT_PRODUCTS_DIR; };
		1E4E0BBD3EED46FCA703EB39 /* GADInAppPurchase.h */ = {isa = PBXFileReference; fileEncoding = 4; lastKnownFileType = sourcecode.c.h; name = GADInAppPurchase.h; path = com.google.cordova.admob/GADInAppPurchase.h; sourceTree = "<group>"; };
		206CB5C0E9034CDB824843F7 /* GADInAppPurchaseDelegate.h */ = {isa = PBXFileReference; fileEncoding = 4; lastKnownFileType = sourcecode.c.h; name = GADInAppPurchaseDelegate.h; path = com.google.cordova.admob/GADInAppPurchaseDelegate.h; sourceTree = "<group>"; };
		23267B25A9864AC5B6ACEE62 /* libCordovaGenericAd.a */ = {isa = PBXFileReference; fileEncoding = 4; lastKnownFileType = archive.ar; name = libCordovaGenericAd.a; path = One/Plugins/com.rjfun.cordova.extension/libCordovaGenericAd.a; sourceTree = "<group>"; };
		237B5A85B95641DD8DDB2831 /* GenericAdPlugin.h */ = {isa = PBXFileReference; fileEncoding = 4; lastKnownFileType = sourcecode.c.h; name = GenericAdPlugin.h; path = com.rjfun.cordova.extension/GenericAdPlugin.h; sourceTree = "<group>"; };
		288765FC0DF74451002DB57D /* CoreGraphics.framework */ = {isa = PBXFileReference; lastKnownFileType = wrapper.framework; name = CoreGraphics.framework; path = System/Library/Frameworks/CoreGraphics.framework; sourceTree = SDKROOT; };
		29B97316FDCFA39411CA2CEA /* main.m */ = {isa = PBXFileReference; fileEncoding = 4; lastKnownFileType = sourcecode.c.objc; path = main.m; sourceTree = "<group>"; };
		2BDB6D5E0ACA4CA6B7C01076 /* GADAdMobExtras.h */ = {isa = PBXFileReference; fileEncoding = 4; lastKnownFileType = sourcecode.c.h; name = GADAdMobExtras.h; path = com.ios.libgoogleadmobads/GADAdMobExtras.h; sourceTree = "<group>"; };
		301BF52D109A57CC0062928A /* CordovaLib.xcodeproj */ = {isa = PBXFileReference; lastKnownFileType = "wrapper.pb-project"; name = CordovaLib.xcodeproj; path = CordovaLib/CordovaLib.xcodeproj; sourceTree = "<group>"; };
		301BF56E109A69640062928A /* www */ = {isa = PBXFileReference; lastKnownFileType = folder; path = www; sourceTree = SOURCE_ROOT; };
		302D95EE14D2391D003F00A1 /* MainViewController.h */ = {isa = PBXFileReference; fileEncoding = 4; lastKnownFileType = sourcecode.c.h; path = MainViewController.h; sourceTree = "<group>"; };
		302D95EF14D2391D003F00A1 /* MainViewController.m */ = {isa = PBXFileReference; fileEncoding = 4; lastKnownFileType = sourcecode.c.objc; path = MainViewController.m; sourceTree = "<group>"; };
		302D95F014D2391D003F00A1 /* MainViewController.xib */ = {isa = PBXFileReference; fileEncoding = 4; lastKnownFileType = file.xib; path = MainViewController.xib; sourceTree = "<group>"; };
		305D5FD0115AB8F900A74A75 /* MobileCoreServices.framework */ = {isa = PBXFileReference; lastKnownFileType = wrapper.framework; name = MobileCoreServices.framework; path = System/Library/Frameworks/MobileCoreServices.framework; sourceTree = SDKROOT; };
		3088BBB7154F3926009F9C59 /* Default-Landscape@2x~ipad.png */ = {isa = PBXFileReference; lastKnownFileType = image.png; path = "Default-Landscape@2x~ipad.png"; sourceTree = "<group>"; };
		3088BBB8154F3926009F9C59 /* Default-Landscape~ipad.png */ = {isa = PBXFileReference; lastKnownFileType = image.png; path = "Default-Landscape~ipad.png"; sourceTree = "<group>"; };
		3088BBB9154F3926009F9C59 /* Default-Portrait@2x~ipad.png */ = {isa = PBXFileReference; lastKnownFileType = image.png; path = "Default-Portrait@2x~ipad.png"; sourceTree = "<group>"; };
		3088BBBA154F3926009F9C59 /* Default-Portrait~ipad.png */ = {isa = PBXFileReference; lastKnownFileType = image.png; path = "Default-Portrait~ipad.png"; sourceTree = "<group>"; };
		3088BBBB154F3926009F9C59 /* Default@2x~iphone.png */ = {isa = PBXFileReference; lastKnownFileType = image.png; path = "Default@2x~iphone.png"; sourceTree = "<group>"; };
		3088BBBC154F3926009F9C59 /* Default~iphone.png */ = {isa = PBXFileReference; lastKnownFileType = image.png; path = "Default~iphone.png"; sourceTree = "<group>"; };
		308D052E1370CCF300D202BF /* icon-72.png */ = {isa = PBXFileReference; lastKnownFileType = image.png; path = "icon-72.png"; sourceTree = "<group>"; };
		308D052F1370CCF300D202BF /* icon.png */ = {isa = PBXFileReference; lastKnownFileType = image.png; path = icon.png; sourceTree = "<group>"; };
		308D05301370CCF300D202BF /* icon@2x.png */ = {isa = PBXFileReference; lastKnownFileType = image.png; path = "icon@2x.png"; sourceTree = "<group>"; };
		30B4F2FD19D5E07200D9F7D8 /* Default-667h.png */ = {isa = PBXFileReference; lastKnownFileType = image.png; path = "Default-667h.png"; sourceTree = "<group>"; };
		30B4F2FE19D5E07200D9F7D8 /* Default-736h.png */ = {isa = PBXFileReference; lastKnownFileType = image.png; path = "Default-736h.png"; sourceTree = "<group>"; };
		30B4F2FF19D5E07200D9F7D8 /* Default-Landscape-736h.png */ = {isa = PBXFileReference; lastKnownFileType = image.png; path = "Default-Landscape-736h.png"; sourceTree = "<group>"; };
		30C1856519D5FC0A00212699 /* icon-60@3x.png */ = {isa = PBXFileReference; lastKnownFileType = image.png; path = "icon-60@3x.png"; sourceTree = "<group>"; };
		30FB5317E4B844CEA358BE88 /* CoreFoundation.framework */ = {isa = PBXFileReference; fileEncoding = 4; lastKnownFileType = wrapper.framework; name = CoreFoundation.framework; path = System/Library/Frameworks/CoreFoundation.framework; sourceTree = SDKROOT; };
		30FC414816E50CA1004E6F35 /* icon-72@2x.png */ = {isa = PBXFileReference; lastKnownFileType = image.png; path = "icon-72@2x.png"; sourceTree = "<group>"; };
		31CF8CCDAE4043F494DD47F1 /* GADInterstitial.h */ = {isa = PBXFileReference; fileEncoding = 4; lastKnownFileType = sourcecode.c.h; name = GADInterstitial.h; path = com.google.cordova.admob/GADInterstitial.h; sourceTree = "<group>"; };
		32CA4F630368D1EE00C91783 /* One-Prefix.pch */ = {isa = PBXFileReference; fileEncoding = 4; lastKnownFileType = sourcecode.c.h; path = "One-Prefix.pch"; sourceTree = "<group>"; };
		33E360E2144146BEB6E04D33 /* GADRequest.h */ = {isa = PBXFileReference; fileEncoding = 4; lastKnownFileType = sourcecode.c.h; name = GADRequest.h; path = com.google.cordova.admob/GADRequest.h; sourceTree = "<group>"; };
		3585055786D74C00A9C484F0 /* SystemConfiguration.framework */ = {isa = PBXFileReference; fileEncoding = 4; lastKnownFileType = wrapper.framework; name = SystemConfiguration.framework; path = System/Library/Frameworks/SystemConfiguration.framework; sourceTree = SDKROOT; };
		37A35B62AF294672B23493A0 /* AdSupport.framework */ = {isa = PBXFileReference; fileEncoding = 4; lastKnownFileType = wrapper.framework; name = AdSupport.framework; path = System/Library/Frameworks/AdSupport.framework; sourceTree = SDKROOT; };
		397F712CD8CC475ABE755C74 /* EventKit.framework */ = {isa = PBXFileReference; fileEncoding = 4; lastKnownFileType = wrapper.framework; name = EventKit.framework; path = System/Library/Frameworks/EventKit.framework; sourceTree = SDKROOT; };
		3D898993311D4D54BDB6D4F1 /* CDVPluginExt.m */ = {isa = PBXFileReference; fileEncoding = 4; lastKnownFileType = sourcecode.c.objc; name = CDVPluginExt.m; path = com.rjfun.cordova.extension/CDVPluginExt.m; sourceTree = "<group>"; };
		3DFDC41BC5154AB2846ED87F /* CoreTelephony.framework */ = {isa = PBXFileReference; fileEncoding = 4; lastKnownFileType = wrapper.framework; name = CoreTelephony.framework; path = System/Library/Frameworks/CoreTelephony.framework; sourceTree = SDKROOT; };
		409DD5BDAE9B44BB9E69C9B8 /* AdMobMediation.m */ = {isa = PBXFileReference; fileEncoding = 4; lastKnownFileType = sourcecode.c.objc; name = AdMobMediation.m; path = com.google.cordova.admob/AdMobMediation.m; sourceTree = "<group>"; };
		48668F6A01BA4E3EBC2D2BD4 /* GADRequestError.h */ = {isa = PBXFileReference; fileEncoding = 4; lastKnownFileType = sourcecode.c.h; name = GADRequestError.h; path = com.ios.libgoogleadmobads/GADRequestError.h; sourceTree = "<group>"; };
		4DC306A9E8BF42279551ABD3 /* GADAppEventDelegate.h */ = {isa = PBXFileReference; fileEncoding = 4; lastKnownFileType = sourcecode.c.h; name = GADAppEventDelegate.h; path = com.google.cordova.admob/GADAppEventDelegate.h; sourceTree = "<group>"; };
		4F98DD6555EB43669E5AAC24 /* Foundation.framework */ = {isa = PBXFileReference; fileEncoding = 4; lastKnownFileType = wrapper.framework; name = Foundation.framework; path = System/Library/Frameworks/Foundation.framework; sourceTree = SDKROOT; };
		55FFFB06B8F54A849CF5A13B /* PluginAdapterDelegate.h */ = {isa = PBXFileReference; fileEncoding = 4; lastKnownFileType = sourcecode.c.h; name = PluginAdapterDelegate.h; path = com.rjfun.cordova.extension/PluginAdapterDelegate.h; sourceTree = "<group>"; };
		58D66D35E9D0438F8B199B2A /* IonicKeyboard.m */ = {isa = PBXFileReference; fileEncoding = 4; lastKnownFileType = sourcecode.c.objc; name = IonicKeyboard.m; path = com.ionic.keyboard/IonicKeyboard.m; sourceTree = "<group>"; };
		58DBF27328244044AC78A194 /* UIKit.framework */ = {isa = PBXFileReference; fileEncoding = 4; lastKnownFileType = wrapper.framework; name = UIKit.framework; path = System/Library/Frameworks/UIKit.framework; sourceTree = SDKROOT; };
		590ECF298B7143A8B54CE7DE /* GADInterstitialDelegate.h */ = {isa = PBXFileReference; fileEncoding = 4; lastKnownFileType = sourcecode.c.h; name = GADInterstitialDelegate.h; path = com.ios.libgoogleadmobads/GADInterstitialDelegate.h; sourceTree = "<group>"; };
		5B1594DC16A7569C00FEF299 /* AssetsLibrary.framework */ = {isa = PBXFileReference; lastKnownFileType = wrapper.framework; name = AssetsLibrary.framework; path = System/Library/Frameworks/AssetsLibrary.framework; sourceTree = SDKROOT; };
		5BA420E192C847299E5DBDA0 /* AVFoundation.framework */ = {isa = PBXFileReference; fileEncoding = 4; lastKnownFileType = wrapper.framework; name = AVFoundation.framework; path = System/Library/Frameworks/AVFoundation.framework; sourceTree = SDKROOT; };
		5E8796EAC5D744F9B28747E0 /* StoreKit.framework */ = {isa = PBXFileReference; fileEncoding = 4; lastKnownFileType = wrapper.framework; name = StoreKit.framework; path = System/Library/Frameworks/StoreKit.framework; sourceTree = SDKROOT; };
		5ED7377C8ABC41408A885E8A /* DFPSwipeableBannerView.h */ = {isa = PBXFileReference; fileEncoding = 4; lastKnownFileType = sourcecode.c.h; name = DFPSwipeableBannerView.h; path = com.google.cordova.admob/DFPSwipeableBannerView.h; sourceTree = "<group>"; };
		607539F6E2CE421095CA83BC /* GADSwipeableBannerViewDelegate.h */ = {isa = PBXFileReference; fileEncoding = 4; lastKnownFileType = sourcecode.c.h; name = GADSwipeableBannerViewDelegate.h; path = com.google.cordova.admob/GADSwipeableBannerViewDelegate.h; sourceTree = "<group>"; };
		63C6C5BF821644CB8C90AA16 /* CDVPluginExt.h */ = {isa = PBXFileReference; fileEncoding = 4; lastKnownFileType = sourcecode.c.h; name = CDVPluginExt.h; path = com.rjfun.cordova.extension/CDVPluginExt.h; sourceTree = "<group>"; };
		6CA6E031C1CA4826AC678A38 /* GADInterstitialDelegate.h */ = {isa = PBXFileReference; fileEncoding = 4; lastKnownFileType = sourcecode.c.h; name = GADInterstitialDelegate.h; path = com.google.cordova.admob/GADInterstitialDelegate.h; sourceTree = "<group>"; };
		6DCF57287235447382322F7F /* GADAdMobExtras.h */ = {isa = PBXFileReference; fileEncoding = 4; lastKnownFileType = sourcecode.c.h; name = GADAdMobExtras.h; path = com.google.cordova.admob/GADAdMobExtras.h; sourceTree = "<group>"; };
		70B92F00A6A44B54A8C28824 /* GADSearchRequest.h */ = {isa = PBXFileReference; fileEncoding = 4; lastKnownFileType = sourcecode.c.h; name = GADSearchRequest.h; path = com.google.cordova.admob/GADSearchRequest.h; sourceTree = "<group>"; };
		7352C2EC7FFF4034991812F9 /* GADCustomEventInterstitial.h */ = {isa = PBXFileReference; fileEncoding = 4; lastKnownFileType = sourcecode.c.h; name = GADCustomEventInterstitial.h; path = com.google.cordova.admob/GADCustomEventInterstitial.h; sourceTree = "<group>"; };
		76658D9341BB4A2089F6F10A /* GADAdSize.h */ = {isa = PBXFileReference; fileEncoding = 4; lastKnownFileType = sourcecode.c.h; name = GADAdSize.h; path = com.ios.libgoogleadmobads/GADAdSize.h; sourceTree = "<group>"; };
		773728727B3D45BD9A8D72E1 /* UIWebViewExtension.h */ = {isa = PBXFileReference; fileEncoding = 4; lastKnownFileType = sourcecode.c.h; name = UIWebViewExtension.h; path = com.ionic.keyboard/UIWebViewExtension.h; sourceTree = "<group>"; };
		7844AE078B0F416A8137996C /* libGoogleAdMobAds.a */ = {isa = PBXFileReference; fileEncoding = 4; lastKnownFileType = archive.ar; name = libGoogleAdMobAds.a; path = One/Plugins/com.google.cordova.admob/libGoogleAdMobAds.a; sourceTree = "<group>"; };
		7D4E4EF74F6F4E7BA97CE104 /* AdMobMediation.h */ = {isa = PBXFileReference; fileEncoding = 4; lastKnownFileType = sourcecode.c.h; name = AdMobMediation.h; path = com.google.cordova.admob/AdMobMediation.h; sourceTree = "<group>"; };
		7E7966D41810823500FA85AD /* icon-40.png */ = {isa = PBXFileReference; lastKnownFileType = image.png; path = "icon-40.png"; sourceTree = "<group>"; };
		7E7966D51810823500FA85AD /* icon-40@2x.png */ = {isa = PBXFileReference; lastKnownFileType = image.png; path = "icon-40@2x.png"; sourceTree = "<group>"; };
		7E7966D61810823500FA85AD /* icon-50.png */ = {isa = PBXFileReference; lastKnownFileType = image.png; path = "icon-50.png"; sourceTree = "<group>"; };
		7E7966D71810823500FA85AD /* icon-50@2x.png */ = {isa = PBXFileReference; lastKnownFileType = image.png; path = "icon-50@2x.png"; sourceTree = "<group>"; };
		7E7966D81810823500FA85AD /* icon-60.png */ = {isa = PBXFileReference; lastKnownFileType = image.png; path = "icon-60.png"; sourceTree = "<group>"; };
		7E7966D91810823500FA85AD /* icon-60@2x.png */ = {isa = PBXFileReference; lastKnownFileType = image.png; path = "icon-60@2x.png"; sourceTree = "<group>"; };
		7E7966DA1810823500FA85AD /* icon-76.png */ = {isa = PBXFileReference; lastKnownFileType = image.png; path = "icon-76.png"; sourceTree = "<group>"; };
		7E7966DB1810823500FA85AD /* icon-76@2x.png */ = {isa = PBXFileReference; lastKnownFileType = image.png; path = "icon-76@2x.png"; sourceTree = "<group>"; };
		7E7966DC1810823500FA85AD /* icon-small.png */ = {isa = PBXFileReference; lastKnownFileType = image.png; path = "icon-small.png"; sourceTree = "<group>"; };
		7E7966DD1810823500FA85AD /* icon-small@2x.png */ = {isa = PBXFileReference; lastKnownFileType = image.png; path = "icon-small@2x.png"; sourceTree = "<group>"; };
		7FA78EE8066D4DCCB3755460 /* GADAdSize.h */ = {isa = PBXFileReference; fileEncoding = 4; lastKnownFileType = sourcecode.c.h; name = GADAdSize.h; path = com.google.cordova.admob/GADAdSize.h; sourceTree = "<group>"; };
		7FC80EF9A3704A049D555845 /* CDVAdMobAds.m */ = {isa = PBXFileReference; fileEncoding = 4; lastKnownFileType = sourcecode.c.objc; name = CDVAdMobAds.m; path = com.admob.google/CDVAdMobAds.m; sourceTree = "<group>"; };
		82792DA8C944411AB2EB2716 /* AudioToolbox.framework */ = {isa = PBXFileReference; fileEncoding = 4; lastKnownFileType = wrapper.framework; name = AudioToolbox.framework; path = System/Library/Frameworks/AudioToolbox.framework; sourceTree = SDKROOT; };
		869FCF517C3B4403B6C93A84 /* DFPInterstitial.h */ = {isa = PBXFileReference; fileEncoding = 4; lastKnownFileType = sourcecode.c.h; name = DFPInterstitial.h; path = com.google.cordova.admob/DFPInterstitial.h; sourceTree = "<group>"; };
		8CF9498A951F4FF08E18B680 /* GADCustomEventInterstitialDelegate.h */ = {isa = PBXFileReference; fileEncoding = 4; lastKnownFileType = sourcecode.c.h; name = GADCustomEventInterstitialDelegate.h; path = com.google.cordova.admob/GADCustomEventInterstitialDelegate.h; sourceTree = "<group>"; };
		8D1107310486CEB800E47090 /* One-Info.plist */ = {isa = PBXFileReference; fileEncoding = 4; lastKnownFileType = text.plist.xml; name = "One-Info.plist"; path = "../One-Info.plist"; plistStructureDefinitionIdentifier = "com.apple.xcode.plist.structure-definition.iphone.info-plist"; sourceTree = "<group>"; };
		8D61E82CDBD0456692A0B912 /* CDVAdMobAdsAdListener.m */ = {isa = PBXFileReference; fileEncoding = 4; lastKnownFileType = sourcecode.c.objc; name = CDVAdMobAdsAdListener.m; path = com.admob.google/CDVAdMobAdsAdListener.m; sourceTree = "<group>"; };
		8F0A7E15E1584007A73D24AC /* CDVDevice.h */ = {isa = PBXFileReference; fileEncoding = 4; lastKnownFileType = sourcecode.c.h; name = CDVDevice.h; path = org.apache.cordova.device/CDVDevice.h; sourceTree = "<group>"; };
		915403C8DB864709939ABD31 /* GADCustomEventExtras.h */ = {isa = PBXFileReference; fileEncoding = 4; lastKnownFileType = sourcecode.c.h; name = GADCustomEventExtras.h; path = com.google.cordova.admob/GADCustomEventExtras.h; sourceTree = "<group>"; };
		9422CCB43E1D41D5867E4503 /* GADRequest.h */ = {isa = PBXFileReference; fileEncoding = 4; lastKnownFileType = sourcecode.c.h; name = GADRequest.h; path = com.ios.libgoogleadmobads/GADRequest.h; sourceTree = "<group>"; };
		950A5DCDA8AA4C5FB8CAF4AA /* CDVReachability.m */ = {isa = PBXFileReference; fileEncoding = 4; lastKnownFileType = sourcecode.c.objc; name = CDVReachability.m; path = com.connectivity.monitor/CDVReachability.m; sourceTree = "<group>"; };
		9573EB92A0694D65A77B79A0 /* CDVAdMobPlugin.h */ = {isa = PBXFileReference; fileEncoding = 4; lastKnownFileType = sourcecode.c.h; name = CDVAdMobPlugin.h; path = com.google.cordova.admob/CDVAdMobPlugin.h; sourceTree = "<group>"; };
		9E204013F06F4224AD3DFF5D /* GADModules.h */ = {isa = PBXFileReference; fileEncoding = 4; lastKnownFileType = sourcecode.c.h; name = GADModules.h; path = com.ios.libgoogleadmobads/GADModules.h; sourceTree = "<group>"; };
		A0F393127282499FB0579032 /* UIWebViewExtension.m */ = {isa = PBXFileReference; fileEncoding = 4; lastKnownFileType = sourcecode.c.objc; name = UIWebViewExtension.m; path = com.ionic.keyboard/UIWebViewExtension.m; sourceTree = "<group>"; };
		A2506AF90B034BAE81195545 /* CDVAdMobAdsAdListener.h */ = {isa = PBXFileReference; fileEncoding = 4; lastKnownFileType = sourcecode.c.h; name = CDVAdMobAdsAdListener.h; path = com.admob.google/CDVAdMobAdsAdListener.h; sourceTree = "<group>"; };
		A2B915B9599B45D99EA426ED /* GADBannerView.h */ = {isa = PBXFileReference; fileEncoding = 4; lastKnownFileType = sourcecode.c.h; name = GADBannerView.h; path = com.google.cordova.admob/GADBannerView.h; sourceTree = "<group>"; };
		A4D7510A7090434780541294 /* GADCustomEventBanner.h */ = {isa = PBXFileReference; fileEncoding = 4; lastKnownFileType = sourcecode.c.h; name = GADCustomEventBanner.h; path = com.google.cordova.admob/GADCustomEventBanner.h; sourceTree = "<group>"; };
		B014F6ABCF8142C8B0DFC3B3 /* EventKitUI.framework */ = {isa = PBXFileReference; fileEncoding = 4; lastKnownFileType = wrapper.framework; name = EventKitUI.framework; path = System/Library/Frameworks/EventKitUI.framework; sourceTree = SDKROOT; };
		B85B1D2784CC4FF8AD8DE001 /* CDVDevice.m */ = {isa = PBXFileReference; fileEncoding = 4; lastKnownFileType = sourcecode.c.objc; name = CDVDevice.m; path = org.apache.cordova.device/CDVDevice.m; sourceTree = "<group>"; };
		BA16CEC44CB84AAABF92AFBC /* MessageUI.framework */ = {isa = PBXFileReference; fileEncoding = 4; lastKnownFileType = wrapper.framework; name = MessageUI.framework; path = System/Library/Frameworks/MessageUI.framework; sourceTree = SDKROOT; };
		BAF091F97A0845E8A21C4E42 /* GADModules.h */ = {isa = PBXFileReference; fileEncoding = 4; lastKnownFileType = sourcecode.c.h; name = GADModules.h; path = com.google.cordova.admob/GADModules.h; sourceTree = "<group>"; };
		C0E073A0DEBE401C9EF56F6A /* GADBannerView.h */ = {isa = PBXFileReference; fileEncoding = 4; lastKnownFileType = sourcecode.c.h; name = GADBannerView.h; path = com.ios.libgoogleadmobads/GADBannerView.h; sourceTree = "<group>"; };
		C8BF36C74B04488DA7355B98 /* IonicKeyboard.h */ = {isa = PBXFileReference; fileEncoding = 4; lastKnownFileType = sourcecode.c.h; name = IonicKeyboard.h; path = com.ionic.keyboard/IonicKeyboard.h; sourceTree = "<group>"; };
		C920573F36344B4DB8225A82 /* GADAdNetworkExtras.h */ = {isa = PBXFileReference; fileEncoding = 4; lastKnownFileType = sourcecode.c.h; name = GADAdNetworkExtras.h; path = com.google.cordova.admob/GADAdNetworkExtras.h; sourceTree = "<group>"; };
		CC29978C56B847989762B980 /* GADCustomEventRequest.h */ = {isa = PBXFileReference; fileEncoding = 4; lastKnownFileType = sourcecode.c.h; name = GADCustomEventRequest.h; path = com.google.cordova.admob/GADCustomEventRequest.h; sourceTree = "<group>"; };
		CE9B156CAB02456081F09135 /* Reachability.m */ = {isa = PBXFileReference; fileEncoding = 4; lastKnownFileType = sourcecode.c.objc; name = Reachability.m; path = com.connectivity.monitor/Reachability.m; sourceTree = "<group>"; };
		D4A0D8751607E02300AEF8BB /* Default-568h@2x~iphone.png */ = {isa = PBXFileReference; lastKnownFileType = image.png; path = "Default-568h@2x~iphone.png"; sourceTree = "<group>"; };
		D69D68EF350246CFA21D6A56 /* CDVReachability.h */ = {isa = PBXFileReference; fileEncoding = 4; lastKnownFileType = sourcecode.c.h; name = CDVReachability.h; path = com.connectivity.monitor/CDVReachability.h; sourceTree = "<group>"; };
		D89338396B494F23800F1A74 /* libGoogleAdMobAds.a */ = {isa = PBXFileReference; fileEncoding = 4; lastKnownFileType = archive.ar; name = libGoogleAdMobAds.a; path = One/Plugins/com.ios.libgoogleadmobads/libGoogleAdMobAds.a; sourceTree = "<group>"; };
		D8C2AE7085CA43F296491B4D /* GADAdSizeDelegate.h */ = {isa = PBXFileReference; fileEncoding = 4; lastKnownFileType = sourcecode.c.h; name = GADAdSizeDelegate.h; path = com.google.cordova.admob/GADAdSizeDelegate.h; sourceTree = "<group>"; };
		E208F3EB43CF404FBF69B526 /* GADBannerViewDelegate.h */ = {isa = PBXFileReference; fileEncoding = 4; lastKnownFileType = sourcecode.c.h; name = GADBannerViewDelegate.h; path = com.ios.libgoogleadmobads/GADBannerViewDelegate.h; sourceTree = "<group>"; };
		E3003E3E607C4218923BB460 /* CDVAdMobPlugin.m */ = {isa = PBXFileReference; fileEncoding = 4; lastKnownFileType = sourcecode.c.objc; name = CDVAdMobPlugin.m; path = com.google.cordova.admob/CDVAdMobPlugin.m; sourceTree = "<group>"; };
		E5AEF541DB47475481D44F5B /* GADAdNetworkExtras.h */ = {isa = PBXFileReference; fileEncoding = 4; lastKnownFileType = sourcecode.c.h; name = GADAdNetworkExtras.h; path = com.ios.libgoogleadmobads/GADAdNetworkExtras.h; sourceTree = "<group>"; };
		EB87FDF21871DA7A0020F90C /* merges */ = {isa = PBXFileReference; lastKnownFileType = folder; name = merges; path = ../../merges; sourceTree = "<group>"; };
		EB87FDF31871DA8E0020F90C /* www */ = {isa = PBXFileReference; lastKnownFileType = folder; name = www; path = ../../www; sourceTree = "<group>"; };
		EB87FDF41871DAF40020F90C /* config.xml */ = {isa = PBXFileReference; lastKnownFileType = text.xml; name = config.xml; path = ../../config.xml; sourceTree = "<group>"; };
		F010B35B2CD24C04910A5891 /* GADInAppPurchase.h */ = {isa = PBXFileReference; fileEncoding = 4; lastKnownFileType = sourcecode.c.h; name = GADInAppPurchase.h; path = com.ios.libgoogleadmobads/GADInAppPurchase.h; sourceTree = "<group>"; };
		F038E53E0B3E4AFBAC252E36 /* GADRequestError.h */ = {isa = PBXFileReference; fileEncoding = 4; lastKnownFileType = sourcecode.c.h; name = GADRequestError.h; path = com.google.cordova.admob/GADRequestError.h; sourceTree = "<group>"; };
		F840E1F0165FE0F500CFE078 /* config.xml */ = {isa = PBXFileReference; lastKnownFileType = text.xml; name = config.xml; path = One/config.xml; sourceTree = "<group>"; };
		FB52015EE7594EDE84B92FAB /* GADInAppPurchaseDelegate.h */ = {isa = PBXFileReference; fileEncoding = 4; lastKnownFileType = sourcecode.c.h; name = GADInAppPurchaseDelegate.h; path = com.ios.libgoogleadmobads/GADInAppPurchaseDelegate.h; sourceTree = "<group>"; };
		FD80064FEC5C44D6B88BA626 /* GADInterstitial.h */ = {isa = PBXFileReference; fileEncoding = 4; lastKnownFileType = sourcecode.c.h; name = GADInterstitial.h; path = com.ios.libgoogleadmobads/GADInterstitial.h; sourceTree = "<group>"; };
		FDEF6F21488B48819E4549DD /* GADSearchBannerView.h */ = {isa = PBXFileReference; fileEncoding = 4; lastKnownFileType = sourcecode.c.h; name = GADSearchBannerView.h; path = com.google.cordova.admob/GADSearchBannerView.h; sourceTree = "<group>"; };
/* End PBXFileReference section */

/* Begin PBXFrameworksBuildPhase section */
		1D60588F0D05DD3D006BFB54 /* Frameworks */ = {
			isa = PBXFrameworksBuildPhase;
			buildActionMask = 2147483647;
			files = (
				5B1594DD16A7569C00FEF299 /* AssetsLibrary.framework in Frameworks */,
				301BF552109A68D80062928A /* libCordova.a in Frameworks */,
				288765FD0DF74451002DB57D /* CoreGraphics.framework in Frameworks */,
				305D5FD1115AB8F900A74A75 /* MobileCoreServices.framework in Frameworks */,
				9248BF9CBF8944DD9487C897 /* SystemConfiguration.framework in Frameworks */,
				EE2F36FE84F34C548D368495 /* libGoogleAdMobAds.a in Frameworks */,
				DBDD1EF4F07C4C0AA7BDD81E /* AdSupport.framework in Frameworks */,
				AAA2EA3044CE43AF8B1E5E52 /* AudioToolbox.framework in Frameworks */,
				565F0842AC4E47D59F6B6390 /* AVFoundation.framework in Frameworks */,
				2D8EF7E26E7242B091B010D9 /* CoreFoundation.framework in Frameworks */,
				713A2303A33446858D9E4C39 /* CoreTelephony.framework in Frameworks */,
				54C7C28D98864993A09EEC85 /* MessageUI.framework in Frameworks */,
				582D9FF1BE8B48899E21FD12 /* StoreKit.framework in Frameworks */,
				C5FD307B83DE4D3C896B60E6 /* EventKit.framework in Frameworks */,
				BAEB7EC099D247F8BD253DB0 /* EventKitUI.framework in Frameworks */,
				A6ABB540483641249805B6A5 /* libCordovaGenericAd.a in Frameworks */,
				5C827BFCFEB7437DA4848697 /* libGoogleAdMobAds.a in Frameworks */,
				BFF5B67819E845C6A9B2C3E3 /* Foundation.framework in Frameworks */,
				B73F35CECD31463089EBAFDC /* UIKit.framework in Frameworks */,
			);
			runOnlyForDeploymentPostprocessing = 0;
		};
/* End PBXFrameworksBuildPhase section */

/* Begin PBXGroup section */
		080E96DDFE201D6D7F000001 /* Classes */ = {
			isa = PBXGroup;
			children = (
				302D95EE14D2391D003F00A1 /* MainViewController.h */,
				302D95EF14D2391D003F00A1 /* MainViewController.m */,
				302D95F014D2391D003F00A1 /* MainViewController.xib */,
				1D3623240D0F684500981E51 /* AppDelegate.h */,
				1D3623250D0F684500981E51 /* AppDelegate.m */,
			);
			name = Classes;
			path = One/Classes;
			sourceTree = SOURCE_ROOT;
		};
		19C28FACFE9D520D11CA2CBB /* Products */ = {
			isa = PBXGroup;
			children = (
				1D6058910D05DD3D006BFB54 /* One.app */,
			);
			name = Products;
			sourceTree = "<group>";
		};
		29B97314FDCFA39411CA2CEA /* CustomTemplate */ = {
			isa = PBXGroup;
			children = (
				EB87FDF41871DAF40020F90C /* config.xml */,
				EB87FDF31871DA8E0020F90C /* www */,
				EB87FDF21871DA7A0020F90C /* merges */,
				EB87FDF11871DA420020F90C /* Staging */,
				301BF52D109A57CC0062928A /* CordovaLib.xcodeproj */,
				080E96DDFE201D6D7F000001 /* Classes */,
				307C750510C5A3420062BCA9 /* Plugins */,
				29B97315FDCFA39411CA2CEA /* Other Sources */,
				29B97317FDCFA39411CA2CEA /* Resources */,
				29B97323FDCFA39411CA2CEA /* Frameworks */,
				19C28FACFE9D520D11CA2CBB /* Products */,
			);
			name = CustomTemplate;
			sourceTree = "<group>";
		};
		29B97315FDCFA39411CA2CEA /* Other Sources */ = {
			isa = PBXGroup;
			children = (
				32CA4F630368D1EE00C91783 /* One-Prefix.pch */,
				29B97316FDCFA39411CA2CEA /* main.m */,
			);
			name = "Other Sources";
			path = One;
			sourceTree = "<group>";
		};
		29B97317FDCFA39411CA2CEA /* Resources */ = {
			isa = PBXGroup;
			children = (
				308D052D1370CCF300D202BF /* icons */,
				308D05311370CCF300D202BF /* splash */,
				8D1107310486CEB800E47090 /* One-Info.plist */,
			);
			name = Resources;
			path = One/Resources;
			sourceTree = "<group>";
		};
		29B97323FDCFA39411CA2CEA /* Frameworks */ = {
			isa = PBXGroup;
			children = (
				5B1594DC16A7569C00FEF299 /* AssetsLibrary.framework */,
				288765FC0DF74451002DB57D /* CoreGraphics.framework */,
				305D5FD0115AB8F900A74A75 /* MobileCoreServices.framework */,
				3585055786D74C00A9C484F0 /* SystemConfiguration.framework */,
				D89338396B494F23800F1A74 /* libGoogleAdMobAds.a */,
				37A35B62AF294672B23493A0 /* AdSupport.framework */,
				82792DA8C944411AB2EB2716 /* AudioToolbox.framework */,
				5BA420E192C847299E5DBDA0 /* AVFoundation.framework */,
				30FB5317E4B844CEA358BE88 /* CoreFoundation.framework */,
				3DFDC41BC5154AB2846ED87F /* CoreTelephony.framework */,
				BA16CEC44CB84AAABF92AFBC /* MessageUI.framework */,
				5E8796EAC5D744F9B28747E0 /* StoreKit.framework */,
				397F712CD8CC475ABE755C74 /* EventKit.framework */,
				B014F6ABCF8142C8B0DFC3B3 /* EventKitUI.framework */,
				23267B25A9864AC5B6ACEE62 /* libCordovaGenericAd.a */,
				7844AE078B0F416A8137996C /* libGoogleAdMobAds.a */,
				4F98DD6555EB43669E5AAC24 /* Foundation.framework */,
				58DBF27328244044AC78A194 /* UIKit.framework */,
			);
			name = Frameworks;
			sourceTree = "<group>";
		};
		301BF52E109A57CC0062928A /* Products */ = {
			isa = PBXGroup;
			children = (
				301BF535109A57CC0062928A /* libCordova.a */,
			);
			name = Products;
			sourceTree = "<group>";
		};
		307C750510C5A3420062BCA9 /* Plugins */ = {
			isa = PBXGroup;
			children = (
				950A5DCDA8AA4C5FB8CAF4AA /* CDVReachability.m */,
				15B484DC8FF949F890B3F987 /* Reachability.h */,
				CE9B156CAB02456081F09135 /* Reachability.m */,
				D69D68EF350246CFA21D6A56 /* CDVReachability.h */,
				2BDB6D5E0ACA4CA6B7C01076 /* GADAdMobExtras.h */,
				E5AEF541DB47475481D44F5B /* GADAdNetworkExtras.h */,
				76658D9341BB4A2089F6F10A /* GADAdSize.h */,
				C0E073A0DEBE401C9EF56F6A /* GADBannerView.h */,
				E208F3EB43CF404FBF69B526 /* GADBannerViewDelegate.h */,
				F010B35B2CD24C04910A5891 /* GADInAppPurchase.h */,
				FB52015EE7594EDE84B92FAB /* GADInAppPurchaseDelegate.h */,
				FD80064FEC5C44D6B88BA626 /* GADInterstitial.h */,
				590ECF298B7143A8B54CE7DE /* GADInterstitialDelegate.h */,
				9E204013F06F4224AD3DFF5D /* GADModules.h */,
				9422CCB43E1D41D5867E4503 /* GADRequest.h */,
				48668F6A01BA4E3EBC2D2BD4 /* GADRequestError.h */,
				7FC80EF9A3704A049D555845 /* CDVAdMobAds.m */,
				8D61E82CDBD0456692A0B912 /* CDVAdMobAdsAdListener.m */,
				16D154AA73B04FA2A27C0B0C /* CDVAdMobAds.h */,
				A2506AF90B034BAE81195545 /* CDVAdMobAdsAdListener.h */,
				3D898993311D4D54BDB6D4F1 /* CDVPluginExt.m */,
				55FFFB06B8F54A849CF5A13B /* PluginAdapterDelegate.h */,
				63C6C5BF821644CB8C90AA16 /* CDVPluginExt.h */,
				237B5A85B95641DD8DDB2831 /* GenericAdPlugin.h */,
				E3003E3E607C4218923BB460 /* CDVAdMobPlugin.m */,
				409DD5BDAE9B44BB9E69C9B8 /* AdMobMediation.m */,
				9573EB92A0694D65A77B79A0 /* CDVAdMobPlugin.h */,
				7D4E4EF74F6F4E7BA97CE104 /* AdMobMediation.h */,
				6DCF57287235447382322F7F /* GADAdMobExtras.h */,
				C920573F36344B4DB8225A82 /* GADAdNetworkExtras.h */,
				7FA78EE8066D4DCCB3755460 /* GADAdSize.h */,
				A2B915B9599B45D99EA426ED /* GADBannerView.h */,
				1BACCA27F79446B681B5E5DB /* GADBannerViewDelegate.h */,
				1E4E0BBD3EED46FCA703EB39 /* GADInAppPurchase.h */,
				206CB5C0E9034CDB824843F7 /* GADInAppPurchaseDelegate.h */,
				31CF8CCDAE4043F494DD47F1 /* GADInterstitial.h */,
				6CA6E031C1CA4826AC678A38 /* GADInterstitialDelegate.h */,
				BAF091F97A0845E8A21C4E42 /* GADModules.h */,
				33E360E2144146BEB6E04D33 /* GADRequest.h */,
				F038E53E0B3E4AFBAC252E36 /* GADRequestError.h */,
				1817651572D04F728DAC9CDD /* DFPBannerView.h */,
				869FCF517C3B4403B6C93A84 /* DFPInterstitial.h */,
				607539F6E2CE421095CA83BC /* GADSwipeableBannerViewDelegate.h */,
				5ED7377C8ABC41408A885E8A /* DFPSwipeableBannerView.h */,
				4DC306A9E8BF42279551ABD3 /* GADAppEventDelegate.h */,
				D8C2AE7085CA43F296491B4D /* GADAdSizeDelegate.h */,
				A4D7510A7090434780541294 /* GADCustomEventBanner.h */,
				07B0C7AB4FFF4D93AF46A73A /* GADCustomEventBannerDelegate.h */,
				7352C2EC7FFF4034991812F9 /* GADCustomEventInterstitial.h */,
				8CF9498A951F4FF08E18B680 /* GADCustomEventInterstitialDelegate.h */,
				CC29978C56B847989762B980 /* GADCustomEventRequest.h */,
				915403C8DB864709939ABD31 /* GADCustomEventExtras.h */,
				FDEF6F21488B48819E4549DD /* GADSearchBannerView.h */,
				70B92F00A6A44B54A8C28824 /* GADSearchRequest.h */,
				58D66D35E9D0438F8B199B2A /* IonicKeyboard.m */,
				A0F393127282499FB0579032 /* UIWebViewExtension.m */,
				C8BF36C74B04488DA7355B98 /* IonicKeyboard.h */,
				773728727B3D45BD9A8D72E1 /* UIWebViewExtension.h */,
				B85B1D2784CC4FF8AD8DE001 /* CDVDevice.m */,
				8F0A7E15E1584007A73D24AC /* CDVDevice.h */,
			);
			name = Plugins;
			path = One/Plugins;
			sourceTree = SOURCE_ROOT;
		};
		308D052D1370CCF300D202BF /* icons */ = {
			isa = PBXGroup;
			children = (
				30C1856519D5FC0A00212699 /* icon-60@3x.png */,
				7E7966D41810823500FA85AD /* icon-40.png */,
				7E7966D51810823500FA85AD /* icon-40@2x.png */,
				7E7966D61810823500FA85AD /* icon-50.png */,
				7E7966D71810823500FA85AD /* icon-50@2x.png */,
				7E7966D81810823500FA85AD /* icon-60.png */,
				7E7966D91810823500FA85AD /* icon-60@2x.png */,
				7E7966DA1810823500FA85AD /* icon-76.png */,
				7E7966DB1810823500FA85AD /* icon-76@2x.png */,
				7E7966DC1810823500FA85AD /* icon-small.png */,
				7E7966DD1810823500FA85AD /* icon-small@2x.png */,
				30FC414816E50CA1004E6F35 /* icon-72@2x.png */,
				308D052E1370CCF300D202BF /* icon-72.png */,
				308D052F1370CCF300D202BF /* icon.png */,
				308D05301370CCF300D202BF /* icon@2x.png */,
			);
			path = icons;
			sourceTree = "<group>";
		};
		308D05311370CCF300D202BF /* splash */ = {
			isa = PBXGroup;
			children = (
				30B4F2FD19D5E07200D9F7D8 /* Default-667h.png */,
				30B4F2FE19D5E07200D9F7D8 /* Default-736h.png */,
				30B4F2FF19D5E07200D9F7D8 /* Default-Landscape-736h.png */,
				D4A0D8751607E02300AEF8BB /* Default-568h@2x~iphone.png */,
				3088BBB7154F3926009F9C59 /* Default-Landscape@2x~ipad.png */,
				3088BBB8154F3926009F9C59 /* Default-Landscape~ipad.png */,
				3088BBB9154F3926009F9C59 /* Default-Portrait@2x~ipad.png */,
				3088BBBA154F3926009F9C59 /* Default-Portrait~ipad.png */,
				3088BBBB154F3926009F9C59 /* Default@2x~iphone.png */,
				3088BBBC154F3926009F9C59 /* Default~iphone.png */,
			);
			path = splash;
			sourceTree = "<group>";
		};
		EB87FDF11871DA420020F90C /* Staging */ = {
			isa = PBXGroup;
			children = (
				F840E1F0165FE0F500CFE078 /* config.xml */,
				301BF56E109A69640062928A /* www */,
			);
			name = Staging;
			sourceTree = "<group>";
		};
/* End PBXGroup section */

/* Begin PBXNativeTarget section */
		1D6058900D05DD3D006BFB54 /* One */ = {
			isa = PBXNativeTarget;
			buildConfigurationList = 1D6058960D05DD3E006BFB54 /* Build configuration list for PBXNativeTarget "One" */;
			buildPhases = (
				304B58A110DAC018002A0835 /* Copy www directory */,
				1D60588D0D05DD3D006BFB54 /* Resources */,
				1D60588E0D05DD3D006BFB54 /* Sources */,
				1D60588F0D05DD3D006BFB54 /* Frameworks */,
			);
			buildRules = (
			);
			dependencies = (
				301BF551109A68C00062928A /* PBXTargetDependency */,
			);
			name = One;
			productName = One;
			productReference = 1D6058910D05DD3D006BFB54 /* One.app */;
			productType = "com.apple.product-type.application";
		};
/* End PBXNativeTarget section */

/* Begin PBXProject section */
		29B97313FDCFA39411CA2CEA /* Project object */ = {
			isa = PBXProject;
			attributes = {
				LastUpgradeCheck = 510;
			};
			buildConfigurationList = C01FCF4E08A954540054247B /* Build configuration list for PBXProject "One" */;
			compatibilityVersion = "Xcode 3.2";
			developmentRegion = English;
			hasScannedForEncodings = 1;
			knownRegions = (
				English,
				Japanese,
				French,
				German,
				en,
				es,
				de,
				se,
			);
			mainGroup = 29B97314FDCFA39411CA2CEA /* CustomTemplate */;
			projectDirPath = "";
			projectReferences = (
				{
					ProductGroup = 301BF52E109A57CC0062928A /* Products */;
					ProjectRef = 301BF52D109A57CC0062928A /* CordovaLib.xcodeproj */;
				},
			);
			projectRoot = "";
			targets = (
				1D6058900D05DD3D006BFB54 /* One */,
			);
		};
/* End PBXProject section */

/* Begin PBXReferenceProxy section */
		301BF535109A57CC0062928A /* libCordova.a */ = {
			isa = PBXReferenceProxy;
			fileType = archive.ar;
			path = libCordova.a;
			remoteRef = 301BF534109A57CC0062928A /* PBXContainerItemProxy */;
			sourceTree = BUILT_PRODUCTS_DIR;
		};
/* End PBXReferenceProxy section */

/* Begin PBXResourcesBuildPhase section */
		1D60588D0D05DD3D006BFB54 /* Resources */ = {
			isa = PBXResourcesBuildPhase;
			buildActionMask = 2147483647;
			files = (
				7E7966E41810823500FA85AD /* icon-76.png in Resources */,
				7E7966DF1810823500FA85AD /* icon-40@2x.png in Resources */,
				308D05371370CCF300D202BF /* icon-72.png in Resources */,
				30B4F30119D5E07200D9F7D8 /* Default-736h.png in Resources */,
				308D05381370CCF300D202BF /* icon.png in Resources */,
				308D05391370CCF300D202BF /* icon@2x.png in Resources */,
				302D95F214D2391D003F00A1 /* MainViewController.xib in Resources */,
				7E7966E01810823500FA85AD /* icon-50.png in Resources */,
				7E7966E31810823500FA85AD /* icon-60@2x.png in Resources */,
				7E7966E61810823500FA85AD /* icon-small.png in Resources */,
				3088BBBD154F3926009F9C59 /* Default-Landscape@2x~ipad.png in Resources */,
				3088BBBE154F3926009F9C59 /* Default-Landscape~ipad.png in Resources */,
				3088BBBF154F3926009F9C59 /* Default-Portrait@2x~ipad.png in Resources */,
				7E7966E71810823500FA85AD /* icon-small@2x.png in Resources */,
				3088BBC0154F3926009F9C59 /* Default-Portrait~ipad.png in Resources */,
				30B4F30019D5E07200D9F7D8 /* Default-667h.png in Resources */,
				7E7966DE1810823500FA85AD /* icon-40.png in Resources */,
				3088BBC1154F3926009F9C59 /* Default@2x~iphone.png in Resources */,
				7E7966E21810823500FA85AD /* icon-60.png in Resources */,
				3088BBC2154F3926009F9C59 /* Default~iphone.png in Resources */,
				D4A0D8761607E02300AEF8BB /* Default-568h@2x~iphone.png in Resources */,
				30B4F30219D5E07200D9F7D8 /* Default-Landscape-736h.png in Resources */,
				30C1856619D5FC0A00212699 /* icon-60@3x.png in Resources */,
				7E7966E11810823500FA85AD /* icon-50@2x.png in Resources */,
				7E7966E51810823500FA85AD /* icon-76@2x.png in Resources */,
				30FC414916E50CA1004E6F35 /* icon-72@2x.png in Resources */,
			);
			runOnlyForDeploymentPostprocessing = 0;
		};
/* End PBXResourcesBuildPhase section */

/* Begin PBXShellScriptBuildPhase section */
		304B58A110DAC018002A0835 /* Copy www directory */ = {
			isa = PBXShellScriptBuildPhase;
			buildActionMask = 2147483647;
			files = (
			);
			inputPaths = (
			);
			name = "Copy www directory";
			outputPaths = (
			);
			runOnlyForDeploymentPostprocessing = 0;
			shellPath = /bin/sh;
			shellScript = "cordova/lib/copy-www-build-step.sh";
			showEnvVarsInLog = 0;
		};
/* End PBXShellScriptBuildPhase section */

/* Begin PBXSourcesBuildPhase section */
		1D60588E0D05DD3D006BFB54 /* Sources */ = {
			isa = PBXSourcesBuildPhase;
			buildActionMask = 2147483647;
			files = (
				1D60589B0D05DD56006BFB54 /* main.m in Sources */,
				1D3623260D0F684500981E51 /* AppDelegate.m in Sources */,
				302D95F114D2391D003F00A1 /* MainViewController.m in Sources */,
				2B387B08DC4D4FE7A6768EE0 /* CDVReachability.m in Sources */,
				30276DF9EC184D6DA0841FAB /* Reachability.h in Sources */,
				C6BF28C8B80C4EB5A71AEDD5 /* Reachability.m in Sources */,
				1EC281F06F5643508E255FD8 /* CDVAdMobAds.m in Sources */,
				885DBB3F4CB44528A37C11E9 /* CDVAdMobAdsAdListener.m in Sources */,
				F8FBB56C6A9C4AAC93478E73 /* CDVPluginExt.m in Sources */,
				5C0618467A5D48DF8B067408 /* CDVAdMobPlugin.m in Sources */,
				6E18CE94398141F9B25C9989 /* AdMobMediation.m in Sources */,
				6AFCAC297055492D8B8BD759 /* IonicKeyboard.m in Sources */,
				8AE9F7ADBEA04267BBDE99F1 /* UIWebViewExtension.m in Sources */,
				72419084066C4F5EA4EFBEF7 /* CDVDevice.m in Sources */,
			);
			runOnlyForDeploymentPostprocessing = 0;
		};
/* End PBXSourcesBuildPhase section */

/* Begin PBXTargetDependency section */
		301BF551109A68C00062928A /* PBXTargetDependency */ = {
			isa = PBXTargetDependency;
			name = CordovaLib;
			targetProxy = 301BF550109A68C00062928A /* PBXContainerItemProxy */;
		};
/* End PBXTargetDependency section */

/* Begin XCBuildConfiguration section */
		1D6058940D05DD3E006BFB54 /* Debug */ = {
			isa = XCBuildConfiguration;
			buildSettings = {
				ALWAYS_SEARCH_USER_PATHS = NO;
				CLANG_ENABLE_OBJC_ARC = YES;
				COPY_PHASE_STRIP = NO;
				GCC_DYNAMIC_NO_PIC = NO;
				GCC_OPTIMIZATION_LEVEL = 0;
				GCC_PRECOMPILE_PREFIX_HEADER = YES;
				GCC_PREFIX_HEADER = "One/One-Prefix.pch";
				GCC_THUMB_SUPPORT = NO;
				GCC_VERSION = "";
				INFOPLIST_FILE = "One/One-Info.plist";
				IPHONEOS_DEPLOYMENT_TARGET = 6.0;
				LIBRARY_SEARCH_PATHS = (
					"$(inherited)",
					"\"$(SRCROOT)/One/Plugins/com.ios.libgoogleadmobads\"",
					"\"$(SRCROOT)/One/Plugins/com.rjfun.cordova.extension\"",
					"\"$(SRCROOT)/One/Plugins/com.google.cordova.admob\"",
				);
				OTHER_LDFLAGS = (
					"-weak_framework",
					CoreFoundation,
					"-weak_framework",
					UIKit,
					"-weak_framework",
					AVFoundation,
					"-weak_framework",
					CoreMedia,
					"-weak-lSystem",
					"-ObjC",
				);
				PRODUCT_NAME = One;
				TARGETED_DEVICE_FAMILY = "1,2";
			};
			name = Debug;
		};
		1D6058950D05DD3E006BFB54 /* Release */ = {
			isa = XCBuildConfiguration;
			buildSettings = {
				ALWAYS_SEARCH_USER_PATHS = NO;
				CLANG_ENABLE_OBJC_ARC = YES;
				COPY_PHASE_STRIP = YES;
				GCC_PRECOMPILE_PREFIX_HEADER = YES;
				GCC_PREFIX_HEADER = "One/One-Prefix.pch";
				GCC_THUMB_SUPPORT = NO;
				GCC_VERSION = "";
				INFOPLIST_FILE = "One/One-Info.plist";
				IPHONEOS_DEPLOYMENT_TARGET = 6.0;
				LIBRARY_SEARCH_PATHS = (
					"$(inherited)",
					"\"$(SRCROOT)/One/Plugins/com.ios.libgoogleadmobads\"",
					"\"$(SRCROOT)/One/Plugins/com.rjfun.cordova.extension\"",
					"\"$(SRCROOT)/One/Plugins/com.google.cordova.admob\"",
				);
				OTHER_LDFLAGS = (
					"-weak_framework",
					CoreFoundation,
					"-weak_framework",
					UIKit,
					"-weak_framework",
					AVFoundation,
					"-weak_framework",
					CoreMedia,
					"-weak-lSystem",
					"-ObjC",
				);
				PRODUCT_NAME = One;
				TARGETED_DEVICE_FAMILY = "1,2";
			};
			name = Release;
		};
		C01FCF4F08A954540054247B /* Debug */ = {
			isa = XCBuildConfiguration;
			buildSettings = {
				CLANG_ENABLE_OBJC_ARC = YES;
				CLANG_WARN_BOOL_CONVERSION = YES;
				CLANG_WARN_CONSTANT_CONVERSION = YES;
				CLANG_WARN_EMPTY_BODY = YES;
				CLANG_WARN_ENUM_CONVERSION = YES;
				CLANG_WARN_INT_CONVERSION = YES;
				CLANG_WARN__DUPLICATE_METHOD_MATCH = YES;
				"CODE_SIGN_IDENTITY[sdk=iphoneos*]" = "iPhone Developer";
				GCC_C_LANGUAGE_STANDARD = c99;
				GCC_THUMB_SUPPORT = NO;
				GCC_VERSION = "";
				GCC_WARN_ABOUT_RETURN_TYPE = YES;
				GCC_WARN_UNDECLARED_SELECTOR = YES;
				GCC_WARN_UNINITIALIZED_AUTOS = YES;
				GCC_WARN_UNUSED_FUNCTION = YES;
				GCC_WARN_UNUSED_VARIABLE = YES;
				HEADER_SEARCH_PATHS = (
					"\"$(TARGET_BUILD_DIR)/usr/local/lib/include\"",
					"\"$(OBJROOT)/UninstalledProducts/include\"",
					"\"$(BUILT_PRODUCTS_DIR)\"",
				);
				IPHONEOS_DEPLOYMENT_TARGET = 6.0;
				ONLY_ACTIVE_ARCH = YES;
				OTHER_LDFLAGS = (
					"-weak_framework",
					CoreFoundation,
					"-weak_framework",
					UIKit,
					"-weak_framework",
					AVFoundation,
					"-weak_framework",
					CoreMedia,
					"-weak-lSystem",
					"-ObjC",
				);
				SDKROOT = iphoneos;
				SKIP_INSTALL = NO;
				USER_HEADER_SEARCH_PATHS = "";
			};
			name = Debug;
		};
		C01FCF5008A954540054247B /* Release */ = {
			isa = XCBuildConfiguration;
			buildSettings = {
				CLANG_ENABLE_OBJC_ARC = YES;
				CLANG_WARN_BOOL_CONVERSION = YES;
				CLANG_WARN_CONSTANT_CONVERSION = YES;
				CLANG_WARN_EMPTY_BODY = YES;
				CLANG_WARN_ENUM_CONVERSION = YES;
				CLANG_WARN_INT_CONVERSION = YES;
				CLANG_WARN__DUPLICATE_METHOD_MATCH = YES;
				"CODE_SIGN_IDENTITY[sdk=iphoneos*]" = "iPhone Developer";
				GCC_C_LANGUAGE_STANDARD = c99;
				GCC_THUMB_SUPPORT = NO;
				GCC_VERSION = "";
				GCC_WARN_ABOUT_RETURN_TYPE = YES;
				GCC_WARN_UNDECLARED_SELECTOR = YES;
				GCC_WARN_UNINITIALIZED_AUTOS = YES;
				GCC_WARN_UNUSED_FUNCTION = YES;
				GCC_WARN_UNUSED_VARIABLE = YES;
				HEADER_SEARCH_PATHS = (
					"\"$(TARGET_BUILD_DIR)/usr/local/lib/include\"",
					"\"$(OBJROOT)/UninstalledProducts/include\"",
					"\"$(BUILT_PRODUCTS_DIR)\"",
				);
				IPHONEOS_DEPLOYMENT_TARGET = 6.0;
				OTHER_LDFLAGS = (
					"-weak_framework",
					CoreFoundation,
					"-weak_framework",
					UIKit,
					"-weak_framework",
					AVFoundation,
					"-weak_framework",
					CoreMedia,
					"-weak-lSystem",
					"-ObjC",
				);
				SDKROOT = iphoneos;
				SKIP_INSTALL = NO;
				USER_HEADER_SEARCH_PATHS = "";
			};
			name = Release;
		};
/* End XCBuildConfiguration section */

/* Begin XCConfigurationList section */
		1D6058960D05DD3E006BFB54 /* Build configuration list for PBXNativeTarget "One" */ = {
			isa = XCConfigurationList;
			buildConfigurations = (
				1D6058940D05DD3E006BFB54 /* Debug */,
				1D6058950D05DD3E006BFB54 /* Release */,
			);
			defaultConfigurationIsVisible = 0;
			defaultConfigurationName = Release;
		};
		C01FCF4E08A954540054247B /* Build configuration list for PBXProject "One" */ = {
			isa = XCConfigurationList;
			buildConfigurations = (
				C01FCF4F08A954540054247B /* Debug */,
				C01FCF5008A954540054247B /* Release */,
			);
			defaultConfigurationIsVisible = 0;
			defaultConfigurationName = Release;
		};
/* End XCConfigurationList section */
	};
	rootObject = 29B97313FDCFA39411CA2CEA /* Project object */;
}
